
Microsoft Visual Studio Solution File, Format Version 12.00
# Visual Studio 15
VisualStudioVersion = 15.0.28307.438
MinimumVisualStudioVersion = 10.0.40219.1
Project("{FAE04EC0-301F-11D3-BF4B-00C04F79EFBC}") = "EventSearch", "EventSearch\EventSearch.csproj", "{F5299788-1DD1-4F08-8CC5-E8E75A1550CC}"
EndProject
Global
	GlobalSection(SolutionConfigurationPlatforms) = preSolution
		Debug|Any CPU = Debug|Any CPU
		Release|Any CPU = Release|Any CPU
	EndGlobalSection
	GlobalSection(ProjectConfigurationPlatforms) = postSolution
		{F5299788-1DD1-4F08-8CC5-E8E75A1550CC}.Debug|Any CPU.ActiveCfg = Debug|Any CPU
		{F5299788-1DD1-4F08-8CC5-E8E75A1550CC}.Debug|Any CPU.Build.0 = Debug|Any CPU
		{F5299788-1DD1-4F08-8CC5-E8E75A1550CC}.Release|Any CPU.ActiveCfg = Release|Any CPU
		{F5299788-1DD1-4F08-8CC5-E8E75A1550CC}.Release|Any CPU.Build.0 = Release|Any CPU
	EndGlobalSection
	GlobalSection(SolutionProperties) = preSolution
		HideSolutionNode = FALSE
	EndGlobalSection
	GlobalSection(ExtensibilityGlobals) = postSolution
		SolutionGuid = {F3B5622B-E382-4870-87D9-E9C65CCA9A91}
	EndGlobalSection
EndGlobal
